
Microsoft Visual Studio Solution File, Format Version 12.00
# Visual Studio Version 17
VisualStudioVersion = 17.2.32630.192
MinimumVisualStudioVersion = 10.0.40219.1
Project("{2150E333-8FDC-42A3-9474-1A3956D46DE8}") = "Src", "Src", "{126A8F96-8340-47B2-8BC9-9277EE576735}"
EndProject
Project("{2150E333-8FDC-42A3-9474-1A3956D46DE8}") = "Test", "Test", "{EEB83099-2485-4FEC-A8AF-DD0430F0B469}"
EndProject
Project("{2150E333-8FDC-42A3-9474-1A3956D46DE8}") = "Doc", "Doc", "{F5370726-7005-4363-AB62-A8DADBBD1755}"
EndProject
Project("{2150E333-8FDC-42A3-9474-1A3956D46DE8}") = "Core", "Core", "{5A97AC54-9C3E-43B7-ADE4-1BBF007090DA}"
EndProject
Project("{2150E333-8FDC-42A3-9474-1A3956D46DE8}") = "Infrastructure", "Infrastructure", "{4081D5EB-F2D4-4859-8D10-E1A1F5205BBE}"
EndProject
Project("{2150E333-8FDC-42A3-9474-1A3956D46DE8}") = "Presentation", "Presentation", "{C1EFB3B0-B05C-4732-AFCE-D10238A3D79C}"
EndProject
Project("{2150E333-8FDC-42A3-9474-1A3956D46DE8}") = "Common", "Common", "{7073C419-863A-45A3-9F2F-A5AE80EB8837}"
EndProject
Project("{9A19103F-16F7-4668-BE54-9A1E7A4F7556}") = "Store.Domain", "Store.Domain\Store.Domain.csproj", "{E9020257-347D-4F38-99E1-5A4C097964F5}"
EndProject
Project("{9A19103F-16F7-4668-BE54-9A1E7A4F7556}") = "Store.Application", "Store.Application\Store.Application.csproj", "{23B9F19E-32D9-4826-8427-57DDBCDECD0C}"
EndProject
Project("{9A19103F-16F7-4668-BE54-9A1E7A4F7556}") = "Store.Infrastracture", "Store.Infrastracture\Store.Infrastracture.csproj", "{D93B3E82-8B50-458D-BAAA-3AB55E077860}"
EndProject
Project("{9A19103F-16F7-4668-BE54-9A1E7A4F7556}") = "Store.Persistance", "Store.Persistance\Store.Persistance.csproj", "{C7A9D8DF-CB3F-4600-802D-FA32B3AF368F}"
EndProject
Project("{9A19103F-16F7-4668-BE54-9A1E7A4F7556}") = "Store.Common", "Store.Common\Store.Common.csproj", "{D3BCE7CC-9B60-4188-96D1-60DD348F9EF9}"
EndProject
Project("{9A19103F-16F7-4668-BE54-9A1E7A4F7556}") = "Endpoint.Site", "Endpoint.Site\Endpoint.Site.csproj", "{3543B0B6-AFBA-475A-B98B-972E86B32F18}"
EndProject
Global
	GlobalSection(SolutionConfigurationPlatforms) = preSolution
		Debug|Any CPU = Debug|Any CPU
		Release|Any CPU = Release|Any CPU
	EndGlobalSection
	GlobalSection(ProjectConfigurationPlatforms) = postSolution
		{E9020257-347D-4F38-99E1-5A4C097964F5}.Debug|Any CPU.ActiveCfg = Debug|Any CPU
		{E9020257-347D-4F38-99E1-5A4C097964F5}.Debug|Any CPU.Build.0 = Debug|Any CPU
		{E9020257-347D-4F38-99E1-5A4C097964F5}.Release|Any CPU.ActiveCfg = Release|Any CPU
		{E9020257-347D-4F38-99E1-5A4C097964F5}.Release|Any CPU.Build.0 = Release|Any CPU
		{23B9F19E-32D9-4826-8427-57DDBCDECD0C}.Debug|Any CPU.ActiveCfg = Debug|Any CPU
		{23B9F19E-32D9-4826-8427-57DDBCDECD0C}.Debug|Any CPU.Build.0 = Debug|Any CPU
		{23B9F19E-32D9-4826-8427-57DDBCDECD0C}.Release|Any CPU.ActiveCfg = Release|Any CPU
		{23B9F19E-32D9-4826-8427-57DDBCDECD0C}.Release|Any CPU.Build.0 = Release|Any CPU
		{D93B3E82-8B50-458D-BAAA-3AB55E077860}.Debug|Any CPU.ActiveCfg = Debug|Any CPU
		{D93B3E82-8B50-458D-BAAA-3AB55E077860}.Debug|Any CPU.Build.0 = Debug|Any CPU
		{D93B3E82-8B50-458D-BAAA-3AB55E077860}.Release|Any CPU.ActiveCfg = Release|Any CPU
		{D93B3E82-8B50-458D-BAAA-3AB55E077860}.Release|Any CPU.Build.0 = Release|Any CPU
		{C7A9D8DF-CB3F-4600-802D-FA32B3AF368F}.Debug|Any CPU.ActiveCfg = Debug|Any CPU
		{C7A9D8DF-CB3F-4600-802D-FA32B3AF368F}.Debug|Any CPU.Build.0 = Debug|Any CPU
		{C7A9D8DF-CB3F-4600-802D-FA32B3AF368F}.Release|Any CPU.ActiveCfg = Release|Any CPU
		{C7A9D8DF-CB3F-4600-802D-FA32B3AF368F}.Release|Any CPU.Build.0 = Release|Any CPU
		{D3BCE7CC-9B60-4188-96D1-60DD348F9EF9}.Debug|Any CPU.ActiveCfg = Debug|Any CPU
		{D3BCE7CC-9B60-4188-96D1-60DD348F9EF9}.Debug|Any CPU.Build.0 = Debug|Any CPU
		{D3BCE7CC-9B60-4188-96D1-60DD348F9EF9}.Release|Any CPU.ActiveCfg = Release|Any CPU
		{D3BCE7CC-9B60-4188-96D1-60DD348F9EF9}.Release|Any CPU.Build.0 = Release|Any CPU
		{3543B0B6-AFBA-475A-B98B-972E86B32F18}.Debug|Any CPU.ActiveCfg = Debug|Any CPU
		{3543B0B6-AFBA-475A-B98B-972E86B32F18}.Debug|Any CPU.Build.0 = Debug|Any CPU
		{3543B0B6-AFBA-475A-B98B-972E86B32F18}.Release|Any CPU.ActiveCfg = Release|Any CPU
		{3543B0B6-AFBA-475A-B98B-972E86B32F18}.Release|Any CPU.Build.0 = Release|Any CPU
	EndGlobalSection
	GlobalSection(SolutionProperties) = preSolution
		HideSolutionNode = FALSE
	EndGlobalSection
	GlobalSection(NestedProjects) = preSolution
		{5A97AC54-9C3E-43B7-ADE4-1BBF007090DA} = {126A8F96-8340-47B2-8BC9-9277EE576735}
		{4081D5EB-F2D4-4859-8D10-E1A1F5205BBE} = {126A8F96-8340-47B2-8BC9-9277EE576735}
		{C1EFB3B0-B05C-4732-AFCE-D10238A3D79C} = {126A8F96-8340-47B2-8BC9-9277EE576735}
		{7073C419-863A-45A3-9F2F-A5AE80EB8837} = {126A8F96-8340-47B2-8BC9-9277EE576735}
		{E9020257-347D-4F38-99E1-5A4C097964F5} = {5A97AC54-9C3E-43B7-ADE4-1BBF007090DA}
		{23B9F19E-32D9-4826-8427-57DDBCDECD0C} = {5A97AC54-9C3E-43B7-ADE4-1BBF007090DA}
		{D93B3E82-8B50-458D-BAAA-3AB55E077860} = {4081D5EB-F2D4-4859-8D10-E1A1F5205BBE}
		{C7A9D8DF-CB3F-4600-802D-FA32B3AF368F} = {4081D5EB-F2D4-4859-8D10-E1A1F5205BBE}
		{D3BCE7CC-9B60-4188-96D1-60DD348F9EF9} = {7073C419-863A-45A3-9F2F-A5AE80EB8837}
		{3543B0B6-AFBA-475A-B98B-972E86B32F18} = {C1EFB3B0-B05C-4732-AFCE-D10238A3D79C}
	EndGlobalSection
	GlobalSection(ExtensibilityGlobals) = postSolution
		SolutionGuid = {54E1AE37-7040-4FC9-A9B6-0C982A6D723A}
	EndGlobalSection
EndGlobal
